// !$*UTF8*$!
{
	archiveVersion = 1;
	classes = {
	};
	objectVersion = 50;
	objects = {

/* Begin PBXBuildFile section */
		B66AA289208455B9003DB0C4 /* AppDelegate.swift in Sources */ = {isa = PBXBuildFile; fileRef = B66AA288208455B9003DB0C4 /* AppDelegate.swift */; };
		B66AA28B208455B9003DB0C4 /* ViewController.swift in Sources */ = {isa = PBXBuildFile; fileRef = B66AA28A208455B9003DB0C4 /* ViewController.swift */; };
		B66AA28E208455B9003DB0C4 /* Main.storyboard in Resources */ = {isa = PBXBuildFile; fileRef = B66AA28C208455B9003DB0C4 /* Main.storyboard */; };
		B66AA290208455BA003DB0C4 /* Assets.xcassets in Resources */ = {isa = PBXBuildFile; fileRef = B66AA28F208455BA003DB0C4 /* Assets.xcassets */; };
		B66AA293208455BA003DB0C4 /* LaunchScreen.storyboard in Resources */ = {isa = PBXBuildFile; fileRef = B66AA291208455BA003DB0C4 /* LaunchScreen.storyboard */; };
		B66AA29E208455BA003DB0C4 /* chatdemoTests.swift in Sources */ = {isa = PBXBuildFile; fileRef = B66AA29D208455BA003DB0C4 /* chatdemoTests.swift */; };
		B66AA2A9208455BA003DB0C4 /* chatdemoUITests.swift in Sources */ = {isa = PBXBuildFile; fileRef = B66AA2A8208455BA003DB0C4 /* chatdemoUITests.swift */; };
/* End PBXBuildFile section */

/* Begin PBXContainerItemProxy section */
		B66AA29A208455BA003DB0C4 /* PBXContainerItemProxy */ = {
			isa = PBXContainerItemProxy;
			containerPortal = B66AA27D208455B9003DB0C4 /* Project object */;
			proxyType = 1;
			remoteGlobalIDString = B66AA284208455B9003DB0C4;
			remoteInfo = chatdemo;
		};
		B66AA2A5208455BA003DB0C4 /* PBXContainerItemProxy */ = {
			isa = PBXContainerItemProxy;
			containerPortal = B66AA27D208455B9003DB0C4 /* Project object */;
			proxyType = 1;
			remoteGlobalIDString = B66AA284208455B9003DB0C4;
			remoteInfo = chatdemo;
		};
/* End PBXContainerItemProxy section */

/* Begin PBXFileReference section */
		B66AA285208455B9003DB0C4 /* chatdemo.app */ = {isa = PBXFileReference; explicitFileType = wrapper.application; includeInIndex = 0; path = chatdemo.app; sourceTree = BUILT_PRODUCTS_DIR; };
		B66AA288208455B9003DB0C4 /* AppDelegate.swift */ = {isa = PBXFileReference; lastKnownFileType = sourcecode.swift; path = AppDelegate.swift; sourceTree = "<group>"; };
		B66AA28A208455B9003DB0C4 /* ViewController.swift */ = {isa = PBXFileReference; lastKnownFileType = sourcecode.swift; path = ViewController.swift; sourceTree = "<group>"; };
		B66AA28D208455B9003DB0C4 /* Base */ = {isa = PBXFileReference; lastKnownFileType = file.storyboard; name = Base; path = Base.lproj/Main.storyboard; sourceTree = "<group>"; };
		B66AA28F208455BA003DB0C4 /* Assets.xcassets */ = {isa = PBXFileReference; lastKnownFileType = folder.assetcatalog; path = Assets.xcassets; sourceTree = "<group>"; };
		B66AA292208455BA003DB0C4 /* Base */ = {isa = PBXFileReference; lastKnownFileType = file.storyboard; name = Base; path = Base.lproj/LaunchScreen.storyboard; sourceTree = "<group>"; };
		B66AA294208455BA003DB0C4 /* Info.plist */ = {isa = PBXFileReference; lastKnownFileType = text.plist.xml; path = Info.plist; sourceTree = "<group>"; };
		B66AA299208455BA003DB0C4 /* chatdemoTests.xctest */ = {isa = PBXFileReference; explicitFileType = wrapper.cfbundle; includeInIndex = 0; path = chatdemoTests.xctest; sourceTree = BUILT_PRODUCTS_DIR; };
		B66AA29D208455BA003DB0C4 /* chatdemoTests.swift */ = {isa = PBXFileReference; lastKnownFileType = sourcecode.swift; path = chatdemoTests.swift; sourceTree = "<group>"; };
		B66AA29F208455BA003DB0C4 /* Info.plist */ = {isa = PBXFileReference; lastKnownFileType = text.plist.xml; path = Info.plist; sourceTree = "<group>"; };
		B66AA2A4208455BA003DB0C4 /* chatdemoUITests.xctest */ = {isa = PBXFileReference; explicitFileType = wrapper.cfbundle; includeInIndex = 0; path = chatdemoUITests.xctest; sourceTree = BUILT_PRODUCTS_DIR; };
		B66AA2A8208455BA003DB0C4 /* chatdemoUITests.swift */ = {isa = PBXFileReference; lastKnownFileType = sourcecode.swift; path = chatdemoUITests.swift; sourceTree = "<group>"; };
		B66AA2AA208455BA003DB0C4 /* Info.plist */ = {isa = PBXFileReference; lastKnownFileType = text.plist.xml; path = Info.plist; sourceTree = "<group>"; };
/* End PBXFileReference section */

/* Begin PBXFrameworksBuildPhase section */
		B66AA282208455B9003DB0C4 /* Frameworks */ = {
			isa = PBXFrameworksBuildPhase;
			buildActionMask = 2147483647;
			files = (
			);
			runOnlyForDeploymentPostprocessing = 0;
		};
		B66AA296208455BA003DB0C4 /* Frameworks */ = {
			isa = PBXFrameworksBuildPhase;
			buildActionMask = 2147483647;
			files = (
			);
			runOnlyForDeploymentPostprocessing = 0;
		};
		B66AA2A1208455BA003DB0C4 /* Frameworks */ = {
			isa = PBXFrameworksBuildPhase;
			buildActionMask = 2147483647;
			files = (
			);
			runOnlyForDeploymentPostprocessing = 0;
		};
/* End PBXFrameworksBuildPhase section */

/* Begin PBXGroup section */
		B66AA27C208455B9003DB0C4 = {
			isa = PBXGroup;
			children = (
				B66AA287208455B9003DB0C4 /* chatdemo */,
				B66AA29C208455BA003DB0C4 /* chatdemoTests */,
				B66AA2A7208455BA003DB0C4 /* chatdemoUITests */,
				B66AA286208455B9003DB0C4 /* Products */,
			);
			sourceTree = "<group>";
		};
		B66AA286208455B9003DB0C4 /* Products */ = {
			isa = PBXGroup;
			children = (
				B66AA285208455B9003DB0C4 /* chatdemo.app */,
				B66AA299208455BA003DB0C4 /* chatdemoTests.xctest */,
				B66AA2A4208455BA003DB0C4 /* chatdemoUITests.xctest */,
			);
			name = Products;
			sourceTree = "<group>";
		};
		B66AA287208455B9003DB0C4 /* chatdemo */ = {
			isa = PBXGroup;
			children = (
				B66AA288208455B9003DB0C4 /* AppDelegate.swift */,
				B66AA28A208455B9003DB0C4 /* ViewController.swift */,
				B66AA28C208455B9003DB0C4 /* Main.storyboard */,
				B66AA28F208455BA003DB0C4 /* Assets.xcassets */,
				B66AA291208455BA003DB0C4 /* LaunchScreen.storyboard */,
				B66AA294208455BA003DB0C4 /* Info.plist */,
			);
			path = chatdemo;
			sourceTree = "<group>";
		};
		B66AA29C208455BA003DB0C4 /* chatdemoTests */ = {
			isa = PBXGroup;
			children = (
				B66AA29D208455BA003DB0C4 /* chatdemoTests.swift */,
				B66AA29F208455BA003DB0C4 /* Info.plist */,
			);
			path = chatdemoTests;
			sourceTree = "<group>";
		};
		B66AA2A7208455BA003DB0C4 /* chatdemoUITests */ = {
			isa = PBXGroup;
			children = (
				B66AA2A8208455BA003DB0C4 /* chatdemoUITests.swift */,
				B66AA2AA208455BA003DB0C4 /* Info.plist */,
			);
			path = chatdemoUITests;
			sourceTree = "<group>";
		};
/* End PBXGroup section */

/* Begin PBXNativeTarget section */
		B66AA284208455B9003DB0C4 /* chatdemo */ = {
			isa = PBXNativeTarget;
			buildConfigurationList = B66AA2AD208455BA003DB0C4 /* Build configuration list for PBXNativeTarget "chatdemo" */;
			buildPhases = (
				B66AA281208455B9003DB0C4 /* Sources */,
				B66AA282208455B9003DB0C4 /* Frameworks */,
				B66AA283208455B9003DB0C4 /* Resources */,
			);
			buildRules = (
			);
			dependencies = (
			);
			name = chatdemo;
			productName = chatdemo;
			productReference = B66AA285208455B9003DB0C4 /* chatdemo.app */;
			productType = "com.apple.product-type.application";
		};
		B66AA298208455BA003DB0C4 /* chatdemoTests */ = {
			isa = PBXNativeTarget;
			buildConfigurationList = B66AA2B0208455BA003DB0C4 /* Build configuration list for PBXNativeTarget "chatdemoTests" */;
			buildPhases = (
				B66AA295208455BA003DB0C4 /* Sources */,
				B66AA296208455BA003DB0C4 /* Frameworks */,
				B66AA297208455BA003DB0C4 /* Resources */,
			);
			buildRules = (
			);
			dependencies = (
				B66AA29B208455BA003DB0C4 /* PBXTargetDependency */,
			);
			name = chatdemoTests;
			productName = chatdemoTests;
			productReference = B66AA299208455BA003DB0C4 /* chatdemoTests.xctest */;
			productType = "com.apple.product-type.bundle.unit-test";
		};
		B66AA2A3208455BA003DB0C4 /* chatdemoUITests */ = {
			isa = PBXNativeTarget;
			buildConfigurationList = B66AA2B3208455BA003DB0C4 /* Build configuration list for PBXNativeTarget "chatdemoUITests" */;
			buildPhases = (
				B66AA2A0208455BA003DB0C4 /* Sources */,
				B66AA2A1208455BA003DB0C4 /* Frameworks */,
				B66AA2A2208455BA003DB0C4 /* Resources */,
			);
			buildRules = (
			);
			dependencies = (
				B66AA2A6208455BA003DB0C4 /* PBXTargetDependency */,
			);
			name = chatdemoUITests;
			productName = chatdemoUITests;
			productReference = B66AA2A4208455BA003DB0C4 /* chatdemoUITests.xctest */;
			productType = "com.apple.product-type.bundle.ui-testing";
		};
/* End PBXNativeTarget section */

/* Begin PBXProject section */
		B66AA27D208455B9003DB0C4 /* Project object */ = {
			isa = PBXProject;
			attributes = {
				LastSwiftUpdateCheck = 0930;
				LastUpgradeCheck = 0930;
				ORGANIZATIONNAME = "manikanta maddipati";
				TargetAttributes = {
					B66AA284208455B9003DB0C4 = {
						CreatedOnToolsVersion = 9.3;
					};
					B66AA298208455BA003DB0C4 = {
						CreatedOnToolsVersion = 9.3;
						TestTargetID = B66AA284208455B9003DB0C4;
					};
					B66AA2A3208455BA003DB0C4 = {
						CreatedOnToolsVersion = 9.3;
						TestTargetID = B66AA284208455B9003DB0C4;
					};
				};
			};
			buildConfigurationList = B66AA280208455B9003DB0C4 /* Build configuration list for PBXProject "chatdemo" */;
			compatibilityVersion = "Xcode 9.3";
			developmentRegion = en;
			hasScannedForEncodings = 0;
			knownRegions = (
				en,
				Base,
			);
			mainGroup = B66AA27C208455B9003DB0C4;
			productRefGroup = B66AA286208455B9003DB0C4 /* Products */;
			projectDirPath = "";
			projectRoot = "";
			targets = (
				B66AA284208455B9003DB0C4 /* chatdemo */,
				B66AA298208455BA003DB0C4 /* chatdemoTests */,
				B66AA2A3208455BA003DB0C4 /* chatdemoUITests */,
			);
		};
/* End PBXProject section */

/* Begin PBXResourcesBuildPhase section */
		B66AA283208455B9003DB0C4 /* Resources */ = {
			isa = PBXResourcesBuildPhase;
			buildActionMask = 2147483647;
			files = (
				B66AA293208455BA003DB0C4 /* LaunchScreen.storyboard in Resources */,
				B66AA290208455BA003DB0C4 /* Assets.xcassets in Resources */,
				B66AA28E208455B9003DB0C4 /* Main.storyboard in Resources */,
			);
			runOnlyForDeploymentPostprocessing = 0;
		};
		B66AA297208455BA003DB0C4 /* Resources */ = {
			isa = PBXResourcesBuildPhase;
			buildActionMask = 2147483647;
			files = (
			);
			runOnlyForDeploymentPostprocessing = 0;
		};
		B66AA2A2208455BA003DB0C4 /* Resources */ = {
			isa = PBXResourcesBuildPhase;
			buildActionMask = 2147483647;
			files = (
			);
			runOnlyForDeploymentPostprocessing = 0;
		};
/* End PBXResourcesBuildPhase section */

/* Begin PBXSourcesBuildPhase section */
		B66AA281208455B9003DB0C4 /* Sources */ = {
			isa = PBXSourcesBuildPhase;
			buildActionMask = 2147483647;
			files = (
				B66AA28B208455B9003DB0C4 /* ViewController.swift in Sources */,
				B66AA289208455B9003DB0C4 /* AppDelegate.swift in Sources */,
			);
			runOnlyForDeploymentPostprocessing = 0;
		};
		B66AA295208455BA003DB0C4 /* Sources */ = {
			isa = PBXSourcesBuildPhase;
			buildActionMask = 2147483647;
			files = (
				B66AA29E208455BA003DB0C4 /* chatdemoTests.swift in Sources */,
			);
			runOnlyForDeploymentPostprocessing = 0;
		};
		B66AA2A0208455BA003DB0C4 /* Sources */ = {
			isa = PBXSourcesBuildPhase;
			buildActionMask = 2147483647;
			files = (
				B66AA2A9208455BA003DB0C4 /* chatdemoUITests.swift in Sources */,
			);
			runOnlyForDeploymentPostprocessing = 0;
		};
/* End PBXSourcesBuildPhase section */

/* Begin PBXTargetDependency section */
		B66AA29B208455BA003DB0C4 /* PBXTargetDependency */ = {
			isa = PBXTargetDependency;
			target = B66AA284208455B9003DB0C4 /* chatdemo */;
			targetProxy = B66AA29A208455BA003DB0C4 /* PBXContainerItemProxy */;
		};
		B66AA2A6208455BA003DB0C4 /* PBXTargetDependency */ = {
			isa = PBXTargetDependency;
			target = B66AA284208455B9003DB0C4 /* chatdemo */;
			targetProxy = B66AA2A5208455BA003DB0C4 /* PBXContainerItemProxy */;
		};
/* End PBXTargetDependency section */

/* Begin PBXVariantGroup section */
		B66AA28C208455B9003DB0C4 /* Main.storyboard */ = {
			isa = PBXVariantGroup;
			children = (
				B66AA28D208455B9003DB0C4 /* Base */,
			);
			name = Main.storyboard;
			sourceTree = "<group>";
		};
		B66AA291208455BA003DB0C4 /* LaunchScreen.storyboard */ = {
			isa = PBXVariantGroup;
			children = (
				B66AA292208455BA003DB0C4 /* Base */,
			);
			name = LaunchScreen.storyboard;
			sourceTree = "<group>";
		};
/* End PBXVariantGroup section */

/* Begin XCBuildConfiguration section */
		B66AA2AB208455BA003DB0C4 /* Debug */ = {
			isa = XCBuildConfiguration;
			buildSettings = {
				ALWAYS_SEARCH_USER_PATHS = NO;
				CLANG_ANALYZER_NONNULL = YES;
				CLANG_ANALYZER_NUMBER_OBJECT_CONVERSION = YES_AGGRESSIVE;
				CLANG_CXX_LANGUAGE_STANDARD = "gnu++14";
				CLANG_CXX_LIBRARY = "libc++";
				CLANG_ENABLE_MODULES = YES;
				CLANG_ENABLE_OBJC_ARC = YES;
				CLANG_ENABLE_OBJC_WEAK = YES;
				CLANG_WARN_BLOCK_CAPTURE_AUTORELEASING = YES;
				CLANG_WARN_BOOL_CONVERSION = YES;
				CLANG_WARN_COMMA = YES;
				CLANG_WARN_CONSTANT_CONVERSION = YES;
				CLANG_WARN_DEPRECATED_OBJC_IMPLEMENTATIONS = YES;
				CLANG_WARN_DIRECT_OBJC_ISA_USAGE = YES_ERROR;
				CLANG_WARN_DOCUMENTATION_COMMENTS = YES;
				CLANG_WARN_EMPTY_BODY = YES;
				CLANG_WARN_ENUM_CONVERSION = YES;
				CLANG_WARN_INFINITE_RECURSION = YES;
				CLANG_WARN_INT_CONVERSION = YES;
				CLANG_WARN_NON_LITERAL_NULL_CONVERSION = YES;
				CLANG_WARN_OBJC_IMPLICIT_RETAIN_SELF = YES;
				CLANG_WARN_OBJC_LITERAL_CONVERSION = YES;
				CLANG_WARN_OBJC_ROOT_CLASS = YES_ERROR;
				CLANG_WARN_RANGE_LOOP_ANALYSIS = YES;
				CLANG_WARN_STRICT_PROTOTYPES = YES;
				CLANG_WARN_SUSPICIOUS_MOVE = YES;
				CLANG_WARN_UNGUARDED_AVAILABILITY = YES_AGGRESSIVE;
				CLANG_WARN_UNREACHABLE_CODE = YES;
				CLANG_WARN__DUPLICATE_METHOD_MATCH = YES;
				CODE_SIGN_IDENTITY = "iPhone Developer";
				COPY_PHASE_STRIP = NO;
				DEBUG_INFORMATION_FORMAT = dwarf;
				ENABLE_STRICT_OBJC_MSGSEND = YES;
				ENABLE_TESTABILITY = YES;
				GCC_C_LANGUAGE_STANDARD = gnu11;
				GCC_DYNAMIC_NO_PIC = NO;
				GCC_NO_COMMON_BLOCKS = YES;
				GCC_OPTIMIZATION_LEVEL = 0;
				GCC_PREPROCESSOR_DEFINITIONS = (
					"DEBUG=1",
					"$(inherited)",
				);
				GCC_WARN_64_TO_32_BIT_CONVERSION = YES;
				GCC_WARN_ABOUT_RETURN_TYPE = YES_ERROR;
				GCC_WARN_UNDECLARED_SELECTOR = YES;
				GCC_WARN_UNINITIALIZED_AUTOS = YES_AGGRESSIVE;
				GCC_WARN_UNUSED_FUNCTION = YES;
				GCC_WARN_UNUSED_VARIABLE = YES;
				IPHONEOS_DEPLOYMENT_TARGET = 11.3;
				MTL_ENABLE_DEBUG_INFO = YES;
				ONLY_ACTIVE_ARCH = YES;
				SDKROOT = iphoneos;
				SWIFT_ACTIVE_COMPILATION_CONDITIONS = DEBUG;
				SWIFT_OPTIMIZATION_LEVEL = "-Onone";
			};
			name = Debug;
		};
		B66AA2AC208455BA003DB0C4 /* Release */ = {
			isa = XCBuildConfiguration;
			buildSettings = {
				ALWAYS_SEARCH_USER_PATHS = NO;
				CLANG_ANALYZER_NONNULL = YES;
				CLANG_ANALYZER_NUMBER_OBJECT_CONVERSION = YES_AGGRESSIVE;
				CLANG_CXX_LANGUAGE_STANDARD = "gnu++14";
				CLANG_CXX_LIBRARY = "libc++";
				CLANG_ENABLE_MODULES = YES;
				CLANG_ENABLE_OBJC_ARC = YES;
				CLANG_ENABLE_OBJC_WEAK = YES;
				CLANG_WARN_BLOCK_CAPTURE_AUTORELEASING = YES;
				CLANG_WARN_BOOL_CONVERSION = YES;
				CLANG_WARN_COMMA = YES;
				CLANG_WARN_CONSTANT_CONVERSION = YES;
				CLANG_WARN_DEPRECATED_OBJC_IMPLEMENTATIONS = YES;
				CLANG_WARN_DIRECT_OBJC_ISA_USAGE = YES_ERROR;
				CLANG_WARN_DOCUMENTATION_COMMENTS = YES;
				CLANG_WARN_EMPTY_BODY = YES;
				CLANG_WARN_ENUM_CONVERSION = YES;
				CLANG_WARN_INFINITE_RECURSION = YES;
				CLANG_WARN_INT_CONVERSION = YES;
				CLANG_WARN_NON_LITERAL_NULL_CONVERSION = YES;
				CLANG_WARN_OBJC_IMPLICIT_RETAIN_SELF = YES;
				CLANG_WARN_OBJC_LITERAL_CONVERSION = YES;
				CLANG_WARN_OBJC_ROOT_CLASS = YES_ERROR;
				CLANG_WARN_RANGE_LOOP_ANALYSIS = YES;
				CLANG_WARN_STRICT_PROTOTYPES = YES;
				CLANG_WARN_SUSPICIOUS_MOVE = YES;
				CLANG_WARN_UNGUARDED_AVAILABILITY = YES_AGGRESSIVE;
				CLANG_WARN_UNREACHABLE_CODE = YES;
				CLANG_WARN__DUPLICATE_METHOD_MATCH = YES;
				CODE_SIGN_IDENTITY = "iPhone Developer";
				COPY_PHASE_STRIP = NO;
				DEBUG_INFORMATION_FORMAT = "dwarf-with-dsym";
				ENABLE_NS_ASSERTIONS = NO;
				ENABLE_STRICT_OBJC_MSGSEND = YES;
				GCC_C_LANGUAGE_STANDARD = gnu11;
				GCC_NO_COMMON_BLOCKS = YES;
				GCC_WARN_64_TO_32_BIT_CONVERSION = YES;
				GCC_WARN_ABOUT_RETURN_TYPE = YES_ERROR;
				GCC_WARN_UNDECLARED_SELECTOR = YES;
				GCC_WARN_UNINITIALIZED_AUTOS = YES_AGGRESSIVE;
				GCC_WARN_UNUSED_FUNCTION = YES;
				GCC_WARN_UNUSED_VARIABLE = YES;
				IPHONEOS_DEPLOYMENT_TARGET = 11.3;
				MTL_ENABLE_DEBUG_INFO = NO;
				SDKROOT = iphoneos;
				SWIFT_COMPILATION_MODE = wholemodule;
				SWIFT_OPTIMIZATION_LEVEL = "-O";
				VALIDATE_PRODUCT = YES;
			};
			name = Release;
		};
		B66AA2AE208455BA003DB0C4 /* Debug */ = {
			isa = XCBuildConfiguration;
			buildSettings = {
				ASSETCATALOG_COMPILER_APPICON_NAME = AppIcon;
				CODE_SIGN_STYLE = Automatic;
				INFOPLIST_FILE = chatdemo/Info.plist;
				LD_RUNPATH_SEARCH_PATHS = (
					"$(inherited)",
					"@executable_path/Frameworks",
				);
				PRODUCT_BUNDLE_IDENTIFIER = manikanta.chatdemo;
				PRODUCT_NAME = "$(TARGET_NAME)";
				SWIFT_VERSION = 4.0;
				TARGETED_DEVICE_FAMILY = "1,2";
			};
			name = Debug;
		};
		B66AA2AF208455BA003DB0C4 /* Release */ = {
			isa = XCBuildConfiguration;
			buildSettings = {
				ASSETCATALOG_COMPILER_APPICON_NAME = AppIcon;
				CODE_SIGN_STYLE = Automatic;
				INFOPLIST_FILE = chatdemo/Info.plist;
				LD_RUNPATH_SEARCH_PATHS = (
					"$(inherited)",
					"@executable_path/Frameworks",
				);
				PRODUCT_BUNDLE_IDENTIFIER = manikanta.chatdemo;
				PRODUCT_NAME = "$(TARGET_NAME)";
				SWIFT_VERSION = 4.0;
				TARGETED_DEVICE_FAMILY = "1,2";
			};
			name = Release;
		};
		B66AA2B1208455BA003DB0C4 /* Debug */ = {
			isa = XCBuildConfiguration;
			buildSettings = {
				ALWAYS_EMBED_SWIFT_STANDARD_LIBRARIES = YES;
				BUNDLE_LOADER = "$(TEST_HOST)";
				CODE_SIGN_STYLE = Automatic;
				INFOPLIST_FILE = chatdemoTests/Info.plist;
				LD_RUNPATH_SEARCH_PATHS = (
					"$(inherited)",
					"@executable_path/Frameworks",
					"@loader_path/Frameworks",
				);
				PRODUCT_BUNDLE_IDENTIFIER = manikanta.chatdemoTests;
				PRODUCT_NAME = "$(TARGET_NAME)";
				SWIFT_VERSION = 4.0;
				TARGETED_DEVICE_FAMILY = "1,2";
				TEST_HOST = "$(BUILT_PRODUCTS_DIR)/chatdemo.app/chatdemo";
			};
			name = Debug;
		};
		B66AA2B2208455BA003DB0C4 /* Release */ = {
			isa = XCBuildConfiguration;
			buildSettings = {
				ALWAYS_EMBED_SWIFT_STANDARD_LIBRARIES = YES;
				BUNDLE_LOADER = "$(TEST_HOST)";
				CODE_SIGN_STYLE = Automatic;
				INFOPLIST_FILE = chatdemoTests/Info.plist;
				LD_RUNPATH_SEARCH_PATHS = (
					"$(inherited)",
					"@executable_path/Frameworks",
					"@loader_path/Frameworks",
				);
				PRODUCT_BUNDLE_IDENTIFIER = manikanta.chatdemoTests;
				PRODUCT_NAME = "$(TARGET_NAME)";
				SWIFT_VERSION = 4.0;
				TARGETED_DEVICE_FAMILY = "1,2";
				TEST_HOST = "$(BUILT_PRODUCTS_DIR)/chatdemo.app/chatdemo";
			};
			name = Release;
		};
		B66AA2B4208455BA003DB0C4 /* Debug */ = {
			isa = XCBuildConfiguration;
			buildSettings = {
				ALWAYS_EMBED_SWIFT_STANDARD_LIBRARIES = YES;
				CODE_SIGN_STYLE = Automatic;
				INFOPLIST_FILE = chatdemoUITests/Info.plist;
				LD_RUNPATH_SEARCH_PATHS = (
					"$(inherited)",
					"@executable_path/Frameworks",
					"@loader_path/Frameworks",
				);
				PRODUCT_BUNDLE_IDENTIFIER = manikanta.chatdemoUITests;
				PRODUCT_NAME = "$(TARGET_NAME)";
				SWIFT_VERSION = 4.0;
				TARGETED_DEVICE_FAMILY = "1,2";
				TEST_TARGET_NAME = chatdemo;
			};
			name = Debug;
		};
		B66AA2B5208455BA003DB0C4 /* Release */ = {
			isa = XCBuildConfiguration;
			buildSettings = {
				ALWAYS_EMBED_SWIFT_STANDARD_LIBRARIES = YES;
				CODE_SIGN_STYLE = Automatic;
				INFOPLIST_FILE = chatdemoUITests/Info.plist;
				LD_RUNPATH_SEARCH_PATHS = (
					"$(inherited)",
					"@executable_path/Frameworks",
					"@loader_path/Frameworks",
				);
				PRODUCT_BUNDLE_IDENTIFIER = manikanta.chatdemoUITests;
				PRODUCT_NAME = "$(TARGET_NAME)";
				SWIFT_VERSION = 4.0;
				TARGETED_DEVICE_FAMILY = "1,2";
				TEST_TARGET_NAME = chatdemo;
			};
			name = Release;
		};
/* End XCBuildConfiguration section */

/* Begin XCConfigurationList section */
		B66AA280208455B9003DB0C4 /* Build configuration list for PBXProject "chatdemo" */ = {
			isa = XCConfigurationList;
			buildConfigurations = (
				B66AA2AB208455BA003DB0C4 /* Debug */,
				B66AA2AC208455BA003DB0C4 /* Release */,
			);
			defaultConfigurationIsVisible = 0;
			defaultConfigurationName = Release;
		};
		B66AA2AD208455BA003DB0C4 /* Build configuration list for PBXNativeTarget "chatdemo" */ = {
			isa = XCConfigurationList;
			buildConfigurations = (
				B66AA2AE208455BA003DB0C4 /* Debug */,
				B66AA2AF208455BA003DB0C4 /* Release */,
			);
			defaultConfigurationIsVisible = 0;
			defaultConfigurationName = Release;
		};
		B66AA2B0208455BA003DB0C4 /* Build configuration list for PBXNativeTarget "chatdemoTests" */ = {
			isa = XCConfigurationList;
			buildConfigurations = (
				B66AA2B1208455BA003DB0C4 /* Debug */,
				B66AA2B2208455BA003DB0C4 /* Release */,
			);
			defaultConfigurationIsVisible = 0;
			defaultConfigurationName = Release;
		};
		B66AA2B3208455BA003DB0C4 /* Build configuration list for PBXNativeTarget "chatdemoUITests" */ = {
			isa = XCConfigurationList;
			buildConfigurations = (
				B66AA2B4208455BA003DB0C4 /* Debug */,
				B66AA2B5208455BA003DB0C4 /* Release */,
			);
			defaultConfigurationIsVisible = 0;
			defaultConfigurationName = Release;
		};
/* End XCConfigurationList section */
	};
	rootObject = B66AA27D208455B9003DB0C4 /* Project object */;
}
